
Microsoft Visual Studio Solution File, Format Version 12.00
# Visual Studio 15
Project("{FAE04EC0-301F-11D3-BF4B-00C04F79EFBC}") = "Galaxy Shooter", "Assembly-CSharp.csproj", "{BB45C5EF-94AE-6523-5712-AD01709C9D01}"
EndProject
Project("{FAE04EC0-301F-11D3-BF4B-00C04F79EFBC}") = "Galaxy Shooter", "Assembly-CSharp-Editor.csproj", "{CC5E9916-9A5B-8CFF-BD06-7CC7D767AE7B}"
EndProject
Global
	GlobalSection(SolutionConfigurationPlatforms) = preSolution
		Debug|Any CPU = Debug|Any CPU
		Release|Any CPU = Release|Any CPU
	EndGlobalSection
	GlobalSection(ProjectConfigurationPlatforms) = postSolution
		{BB45C5EF-94AE-6523-5712-AD01709C9D01}.Debug|Any CPU.ActiveCfg = Debug|Any CPU
		{BB45C5EF-94AE-6523-5712-AD01709C9D01}.Debug|Any CPU.Build.0 = Debug|Any CPU
		{BB45C5EF-94AE-6523-5712-AD01709C9D01}.Release|Any CPU.ActiveCfg = Release|Any CPU
		{BB45C5EF-94AE-6523-5712-AD01709C9D01}.Release|Any CPU.Build.0 = Release|Any CPU
		{CC5E9916-9A5B-8CFF-BD06-7CC7D767AE7B}.Debug|Any CPU.ActiveCfg = Debug|Any CPU
		{CC5E9916-9A5B-8CFF-BD06-7CC7D767AE7B}.Debug|Any CPU.Build.0 = Debug|Any CPU
		{CC5E9916-9A5B-8CFF-BD06-7CC7D767AE7B}.Release|Any CPU.ActiveCfg = Release|Any CPU
		{CC5E9916-9A5B-8CFF-BD06-7CC7D767AE7B}.Release|Any CPU.Build.0 = Release|Any CPU
	EndGlobalSection
	GlobalSection(SolutionProperties) = preSolution
		HideSolutionNode = FALSE
	EndGlobalSection
EndGlobal
